dependencies:
- name: grafana
  repository: https://grafana.github.io/helm-charts
  version: 8.5.8
- name: jaeger-all-in-one
  repository: https://raw.githubusercontent.com/hansehe/jaeger-all-in-one/master/helm/charts
  version: 0.1.12
- name: greptimedb-remote-compaction
  repository: https://greptimeteam.github.io/helm-charts/
  version: 0.1.0
- name: greptimedb-enterprise-dashboard
  repository: https://greptimeteam.github.io/helm-charts/
  version: 0.1.0
digest: sha256:35b4f87e2c4898d8871501a602a0edd257f527d9816ea0e2d8ac1a2d92d6a900
generated: "2025-08-20T12:30:24.311436-07:00"
